// !$*UTF8*$!
{
	archiveVersion = 1;
	classes = {
	};
	objectVersion = 77;
	objects = {

/* Begin PBXBuildFile section */
		448F25D939EEA3722E46C303 /* SheepWidget.appex in Embed Foundation Extensions */ = {isa = PBXBuildFile; fileRef = 455CF4256B21D15421EF4F1E /* SheepWidget.appex */; settings = {ATTRIBUTES = (RemoveHeadersOnCopy, ); }; };
		5167B9D2BFF77E2D925BA8A0 /* ContentView.swift in Sources */ = {isa = PBXBuildFile; fileRef = 4C278ED0FDACE0FD46A8B5CF /* ContentView.swift */; };
		ACB652653B5CCE276CDBC703 /* CountingSheepApp.swift in Sources */ = {isa = PBXBuildFile; fileRef = E01D1060A93EA8C649E17640 /* CountingSheepApp.swift */; };
		D8851E37E724C93F91482F80 /* SheepWidget.swift in Sources */ = {isa = PBXBuildFile; fileRef = A63AB8698A0BE5190F6F835F /* SheepWidget.swift */; };
/* End PBXBuildFile section */

/* Begin PBXContainerItemProxy section */
		CE39B8474A710AE945DFDDC1 /* PBXContainerItemProxy */ = {
			isa = PBXContainerItemProxy;
			containerPortal = 40D62425D4D9D0D34BA8ED7E /* Project object */;
			proxyType = 1;
			remoteGlobalIDString = 3B7825E0BA92C2A77D7C9283;
			remoteInfo = SheepWidget;
		};
/* End PBXContainerItemProxy section */

/* Begin PBXCopyFilesBuildPhase section */
		072AF1534E1928079587CBF7 /* Embed Foundation Extensions */ = {
			isa = PBXCopyFilesBuildPhase;
			buildActionMask = 2147483647;
			dstPath = "";
			dstSubfolderSpec = 13;
			files = (
				448F25D939EEA3722E46C303 /* SheepWidget.appex in Embed Foundation Extensions */,
			);
			name = "Embed Foundation Extensions";
			runOnlyForDeploymentPostprocessing = 0;
		};
/* End PBXCopyFilesBuildPhase section */

/* Begin PBXFileReference section */
		455CF4256B21D15421EF4F1E /* SheepWidget.appex */ = {isa = PBXFileReference; includeInIndex = 0; lastKnownFileType = "wrapper.app-extension"; path = SheepWidget.appex; sourceTree = BUILT_PRODUCTS_DIR; };
		4C278ED0FDACE0FD46A8B5CF /* ContentView.swift */ = {isa = PBXFileReference; lastKnownFileType = sourcecode.swift; path = ContentView.swift; sourceTree = "<group>"; };
		5D74C70E8788FE9448A6DD62 /* Info.plist */ = {isa = PBXFileReference; lastKnownFileType = text.plist; path = Info.plist; sourceTree = "<group>"; };
		5E4EF7EA510D3CA029CDD7B2 /* CountingSheep.app */ = {isa = PBXFileReference; includeInIndex = 0; lastKnownFileType = wrapper.application; path = CountingSheep.app; sourceTree = BUILT_PRODUCTS_DIR; };
		69F88B8D832FF57A8C2FCAD1 /* Info.plist */ = {isa = PBXFileReference; lastKnownFileType = text.plist; path = Info.plist; sourceTree = "<group>"; };
		A63AB8698A0BE5190F6F835F /* SheepWidget.swift */ = {isa = PBXFileReference; lastKnownFileType = sourcecode.swift; path = SheepWidget.swift; sourceTree = "<group>"; };
		E01D1060A93EA8C649E17640 /* CountingSheepApp.swift */ = {isa = PBXFileReference; lastKnownFileType = sourcecode.swift; path = CountingSheepApp.swift; sourceTree = "<group>"; };
/* End PBXFileReference section */

/* Begin PBXGroup section */
		3FB178BADDFC089A5F1C9C46 /* Products */ = {
			isa = PBXGroup;
			children = (
				5E4EF7EA510D3CA029CDD7B2 /* CountingSheep.app */,
				455CF4256B21D15421EF4F1E /* SheepWidget.appex */,
			);
			name = Products;
			sourceTree = "<group>";
		};
		434C8888074DEE6386975DB4 /* CountingSheep */ = {
			isa = PBXGroup;
			children = (
				4C278ED0FDACE0FD46A8B5CF /* ContentView.swift */,
				E01D1060A93EA8C649E17640 /* CountingSheepApp.swift */,
				5D74C70E8788FE9448A6DD62 /* Info.plist */,
			);
			path = CountingSheep;
			sourceTree = "<group>";
		};
		BABA8BCDB40B30F4E215EB3D /* SheepWidget */ = {
			isa = PBXGroup;
			children = (
				69F88B8D832FF57A8C2FCAD1 /* Info.plist */,
				A63AB8698A0BE5190F6F835F /* SheepWidget.swift */,
			);
			path = SheepWidget;
			sourceTree = "<group>";
		};
		ECA9E7C4988EEE8DF906E953 = {
			isa = PBXGroup;
			children = (
				434C8888074DEE6386975DB4 /* CountingSheep */,
				BABA8BCDB40B30F4E215EB3D /* SheepWidget */,
				3FB178BADDFC089A5F1C9C46 /* Products */,
			);
			sourceTree = "<group>";
		};
/* End PBXGroup section */

/* Begin PBXNativeTarget section */
		3B7825E0BA92C2A77D7C9283 /* SheepWidget */ = {
			isa = PBXNativeTarget;
			buildConfigurationList = 46DB3AA53209ED682C9F1BD7 /* Build configuration list for PBXNativeTarget "SheepWidget" */;
			buildPhases = (
				44C7944F1156A8C9E2AE3F02 /* Sources */,
			);
			buildRules = (
			);
			dependencies = (
			);
			name = SheepWidget;
			packageProductDependencies = (
			);
			productName = SheepWidget;
			productReference = 455CF4256B21D15421EF4F1E /* SheepWidget.appex */;
			productType = "com.apple.product-type.app-extension";
		};
		F5D527F34901A1B1DF61CFA2 /* CountingSheep */ = {
			isa = PBXNativeTarget;
			buildConfigurationList = DC82E422F8BC83C6083C578E /* Build configuration list for PBXNativeTarget "CountingSheep" */;
			buildPhases = (
				F9AEC62A86A00FFF63423292 /* Sources */,
				072AF1534E1928079587CBF7 /* Embed Foundation Extensions */,
			);
			buildRules = (
			);
			dependencies = (
				B985349201998D4D456670BA /* PBXTargetDependency */,
			);
			name = CountingSheep;
			packageProductDependencies = (
			);
			productName = CountingSheep;
			productReference = 5E4EF7EA510D3CA029CDD7B2 /* CountingSheep.app */;
			productType = "com.apple.product-type.application";
		};
/* End PBXNativeTarget section */

/* Begin PBXProject section */
		40D62425D4D9D0D34BA8ED7E /* Project object */ = {
			isa = PBXProject;
			attributes = {
				BuildIndependentTargetsInParallel = YES;
				LastUpgradeCheck = 1600;
				TargetAttributes = {
					3B7825E0BA92C2A77D7C9283 = {
						DevelopmentTeam = "";
					};
					F5D527F34901A1B1DF61CFA2 = {
						DevelopmentTeam = "";
					};
				};
			};
			buildConfigurationList = 36F66DC5DBFD115B5652B95C /* Build configuration list for PBXProject "CountingSheep" */;
			compatibilityVersion = "Xcode 14.0";
			developmentRegion = en;
			hasScannedForEncodings = 0;
			knownRegions = (
				Base,
				en,
			);
			mainGroup = ECA9E7C4988EEE8DF906E953;
			minimizedProjectReferenceProxies = 1;
			preferredProjectObjectVersion = 77;
			projectDirPath = "";
			projectRoot = "";
			targets = (
				F5D527F34901A1B1DF61CFA2 /* CountingSheep */,
				3B7825E0BA92C2A77D7C9283 /* SheepWidget */,
			);
		};
/* End PBXProject section */

/* Begin PBXSourcesBuildPhase section */
		44C7944F1156A8C9E2AE3F02 /* Sources */ = {
			isa = PBXSourcesBuildPhase;
			buildActionMask = 2147483647;
			files = (
				D8851E37E724C93F91482F80 /* SheepWidget.swift in Sources */,
			);
			runOnlyForDeploymentPostprocessing = 0;
		};
		F9AEC62A86A00FFF63423292 /* Sources */ = {
			isa = PBXSourcesBuildPhase;
			buildActionMask = 2147483647;
			files = (
				5167B9D2BFF77E2D925BA8A0 /* ContentView.swift in Sources */,
				ACB652653B5CCE276CDBC703 /* CountingSheepApp.swift in Sources */,
			);
			runOnlyForDeploymentPostprocessing = 0;
		};
/* End PBXSourcesBuildPhase section */

/* Begin PBXTargetDependency section */
		B985349201998D4D456670BA /* PBXTargetDependency */ = {
			isa = PBXTargetDependency;
			target = 3B7825E0BA92C2A77D7C9283 /* SheepWidget */;
			targetProxy = CE39B8474A710AE945DFDDC1 /* PBXContainerItemProxy */;
		};
/* End PBXTargetDependency section */

/* Begin XCBuildConfiguration section */
		0EFF8803CC7F16B502562BB5 /* Debug */ = {
			isa = XCBuildConfiguration;
			buildSettings = {
				ASSETCATALOG_COMPILER_APPICON_NAME = AppIcon;
				CODE_SIGN_IDENTITY = "iPhone Developer";
				DEVELOPMENT_TEAM = "";
				INFOPLIST_FILE = CountingSheep/Info.plist;
				LD_RUNPATH_SEARCH_PATHS = (
					"$(inherited)",
					"@executable_path/Frameworks",
				);
				PRODUCT_BUNDLE_IDENTIFIER = com.pontus.CountingSheep;
				SDKROOT = iphoneos;
				SWIFT_VERSION = 6.0;
				TARGETED_DEVICE_FAMILY = "1,2";
			};
			name = Debug;
		};
		3254275A678222ED1295CEA5 /* Release */ = {
			isa = XCBuildConfiguration;
			buildSettings = {
				ASSETCATALOG_COMPILER_APPICON_NAME = AppIcon;
				CODE_SIGN_IDENTITY = "iPhone Developer";
				DEVELOPMENT_TEAM = "";
				INFOPLIST_FILE = CountingSheep/Info.plist;
				LD_RUNPATH_SEARCH_PATHS = (
					"$(inherited)",
					"@executable_path/Frameworks",
				);
				PRODUCT_BUNDLE_IDENTIFIER = com.pontus.CountingSheep;
				SDKROOT = iphoneos;
				SWIFT_VERSION = 6.0;
				TARGETED_DEVICE_FAMILY = "1,2";
			};
			name = Release;
		};
		6057EC9006972752D195DF9B /* Release */ = {
			isa = XCBuildConfiguration;
			buildSettings = {
				DEVELOPMENT_TEAM = "";
				INFOPLIST_FILE = SheepWidget/Info.plist;
				LD_RUNPATH_SEARCH_PATHS = (
					"$(inherited)",
					"@executable_path/Frameworks",
					"@executable_path/../../Frameworks",
				);
				PRODUCT_BUNDLE_IDENTIFIER = com.pontus.CountingSheep.SheepWidget;
				SDKROOT = iphoneos;
				SWIFT_VERSION = 6.0;
				TARGETED_DEVICE_FAMILY = "1,2";
			};
			name = Release;
		};
		6898C3C90C324803C94F54F1 /* Release */ = {
			isa = XCBuildConfiguration;
			buildSettings = {
				ALWAYS_SEARCH_USER_PATHS = NO;
				CLANG_ANALYZER_NONNULL = YES;
				CLANG_ANALYZER_NUMBER_OBJECT_CONVERSION = YES_AGGRESSIVE;
				CLANG_CXX_LANGUAGE_STANDARD = "gnu++14";
				CLANG_CXX_LIBRARY = "libc++";
				CLANG_ENABLE_MODULES = YES;
				CLANG_ENABLE_OBJC_ARC = YES;
				CLANG_ENABLE_OBJC_WEAK = YES;
				CLANG_WARN_BLOCK_CAPTURE_AUTORELEASING = YES;
				CLANG_WARN_BOOL_CONVERSION = YES;
				CLANG_WARN_COMMA = YES;
				CLANG_WARN_CONSTANT_CONVERSION = YES;
				CLANG_WARN_DEPRECATED_OBJC_IMPLEMENTATIONS = YES;
				CLANG_WARN_DIRECT_OBJC_ISA_USAGE = YES_ERROR;
				CLANG_WARN_DOCUMENTATION_COMMENTS = YES;
				CLANG_WARN_EMPTY_BODY = YES;
				CLANG_WARN_ENUM_CONVERSION = YES;
				CLANG_WARN_INFINITE_RECURSION = YES;
				CLANG_WARN_INT_CONVERSION = YES;
				CLANG_WARN_NON_LITERAL_NULL_CONVERSION = YES;
				CLANG_WARN_OBJC_IMPLICIT_RETAIN_SELF = YES;
				CLANG_WARN_OBJC_LITERAL_CONVERSION = YES;
				CLANG_WARN_OBJC_ROOT_CLASS = YES_ERROR;
				CLANG_WARN_QUOTED_INCLUDE_IN_FRAMEWORK_HEADER = YES;
				CLANG_WARN_RANGE_LOOP_ANALYSIS = YES;
				CLANG_WARN_STRICT_PROTOTYPES = YES;
				CLANG_WARN_SUSPICIOUS_MOVE = YES;
				CLANG_WARN_UNGUARDED_AVAILABILITY = YES_AGGRESSIVE;
				CLANG_WARN_UNREACHABLE_CODE = YES;
				CLANG_WARN__DUPLICATE_METHOD_MATCH = YES;
				COPY_PHASE_STRIP = NO;
				DEBUG_INFORMATION_FORMAT = "dwarf-with-dsym";
				ENABLE_NS_ASSERTIONS = NO;
				ENABLE_STRICT_OBJC_MSGSEND = YES;
				GCC_C_LANGUAGE_STANDARD = gnu11;
				GCC_NO_COMMON_BLOCKS = YES;
				GCC_WARN_64_TO_32_BIT_CONVERSION = YES;
				GCC_WARN_ABOUT_RETURN_TYPE = YES_ERROR;
				GCC_WARN_UNDECLARED_SELECTOR = YES;
				GCC_WARN_UNINITIALIZED_AUTOS = YES_AGGRESSIVE;
				GCC_WARN_UNUSED_FUNCTION = YES;
				GCC_WARN_UNUSED_VARIABLE = YES;
				IPHONEOS_DEPLOYMENT_TARGET = 17.0;
				MTL_ENABLE_DEBUG_INFO = NO;
				MTL_FAST_MATH = YES;
				PRODUCT_NAME = "$(TARGET_NAME)";
				SDKROOT = iphoneos;
				SWIFT_COMPILATION_MODE = wholemodule;
				SWIFT_OPTIMIZATION_LEVEL = "-O";
				SWIFT_VERSION = 5.0;
			};
			name = Release;
		};
		9DD99EA4ECF419193CAE20CF /* Debug */ = {
			isa = XCBuildConfiguration;
			buildSettings = {
				DEVELOPMENT_TEAM = "";
				INFOPLIST_FILE = SheepWidget/Info.plist;
				LD_RUNPATH_SEARCH_PATHS = (
					"$(inherited)",
					"@executable_path/Frameworks",
					"@executable_path/../../Frameworks",
				);
				PRODUCT_BUNDLE_IDENTIFIER = com.pontus.CountingSheep.SheepWidget;
				SDKROOT = iphoneos;
				SWIFT_VERSION = 6.0;
				TARGETED_DEVICE_FAMILY = "1,2";
			};
			name = Debug;
		};
		F5C45845C785C55D86D88B27 /* Debug */ = {
			isa = XCBuildConfiguration;
			buildSettings = {
				ALWAYS_SEARCH_USER_PATHS = NO;
				CLANG_ANALYZER_NONNULL = YES;
				CLANG_ANALYZER_NUMBER_OBJECT_CONVERSION = YES_AGGRESSIVE;
				CLANG_CXX_LANGUAGE_STANDARD = "gnu++14";
				CLANG_CXX_LIBRARY = "libc++";
				CLANG_ENABLE_MODULES = YES;
				CLANG_ENABLE_OBJC_ARC = YES;
				CLANG_ENABLE_OBJC_WEAK = YES;
				CLANG_WARN_BLOCK_CAPTURE_AUTORELEASING = YES;
				CLANG_WARN_BOOL_CONVERSION = YES;
				CLANG_WARN_COMMA = YES;
				CLANG_WARN_CONSTANT_CONVERSION = YES;
				CLANG_WARN_DEPRECATED_OBJC_IMPLEMENTATIONS = YES;
				CLANG_WARN_DIRECT_OBJC_ISA_USAGE = YES_ERROR;
				CLANG_WARN_DOCUMENTATION_COMMENTS = YES;
				CLANG_WARN_EMPTY_BODY = YES;
				CLANG_WARN_ENUM_CONVERSION = YES;
				CLANG_WARN_INFINITE_RECURSION = YES;
				CLANG_WARN_INT_CONVERSION = YES;
				CLANG_WARN_NON_LITERAL_NULL_CONVERSION = YES;
				CLANG_WARN_OBJC_IMPLICIT_RETAIN_SELF = YES;
				CLANG_WARN_OBJC_LITERAL_CONVERSION = YES;
				CLANG_WARN_OBJC_ROOT_CLASS = YES_ERROR;
				CLANG_WARN_QUOTED_INCLUDE_IN_FRAMEWORK_HEADER = YES;
				CLANG_WARN_RANGE_LOOP_ANALYSIS = YES;
				CLANG_WARN_STRICT_PROTOTYPES = YES;
				CLANG_WARN_SUSPICIOUS_MOVE = YES;
				CLANG_WARN_UNGUARDED_AVAILABILITY = YES_AGGRESSIVE;
				CLANG_WARN_UNREACHABLE_CODE = YES;
				CLANG_WARN__DUPLICATE_METHOD_MATCH = YES;
				COPY_PHASE_STRIP = NO;
				DEBUG_INFORMATION_FORMAT = dwarf;
				ENABLE_STRICT_OBJC_MSGSEND = YES;
				ENABLE_TESTABILITY = YES;
				GCC_C_LANGUAGE_STANDARD = gnu11;
				GCC_DYNAMIC_NO_PIC = NO;
				GCC_NO_COMMON_BLOCKS = YES;
				GCC_OPTIMIZATION_LEVEL = 0;
				GCC_PREPROCESSOR_DEFINITIONS = (
					"$(inherited)",
					"DEBUG=1",
				);
				GCC_WARN_64_TO_32_BIT_CONVERSION = YES;
				GCC_WARN_ABOUT_RETURN_TYPE = YES_ERROR;
				GCC_WARN_UNDECLARED_SELECTOR = YES;
				GCC_WARN_UNINITIALIZED_AUTOS = YES_AGGRESSIVE;
				GCC_WARN_UNUSED_FUNCTION = YES;
				GCC_WARN_UNUSED_VARIABLE = YES;
				IPHONEOS_DEPLOYMENT_TARGET = 17.0;
				MTL_ENABLE_DEBUG_INFO = INCLUDE_SOURCE;
				MTL_FAST_MATH = YES;
				ONLY_ACTIVE_ARCH = YES;
				PRODUCT_NAME = "$(TARGET_NAME)";
				SDKROOT = iphoneos;
				SWIFT_ACTIVE_COMPILATION_CONDITIONS = DEBUG;
				SWIFT_OPTIMIZATION_LEVEL = "-Onone";
				SWIFT_VERSION = 5.0;
			};
			name = Debug;
		};
/* End XCBuildConfiguration section */

/* Begin XCConfigurationList section */
		36F66DC5DBFD115B5652B95C /* Build configuration list for PBXProject "CountingSheep" */ = {
			isa = XCConfigurationList;
			buildConfigurations = (
				F5C45845C785C55D86D88B27 /* Debug */,
				6898C3C90C324803C94F54F1 /* Release */,
			);
			defaultConfigurationIsVisible = 0;
			defaultConfigurationName = Debug;
		};
		46DB3AA53209ED682C9F1BD7 /* Build configuration list for PBXNativeTarget "SheepWidget" */ = {
			isa = XCConfigurationList;
			buildConfigurations = (
				9DD99EA4ECF419193CAE20CF /* Debug */,
				6057EC9006972752D195DF9B /* Release */,
			);
			defaultConfigurationIsVisible = 0;
			defaultConfigurationName = Debug;
		};
		DC82E422F8BC83C6083C578E /* Build configuration list for PBXNativeTarget "CountingSheep" */ = {
			isa = XCConfigurationList;
			buildConfigurations = (
				0EFF8803CC7F16B502562BB5 /* Debug */,
				3254275A678222ED1295CEA5 /* Release */,
			);
			defaultConfigurationIsVisible = 0;
			defaultConfigurationName = Debug;
		};
/* End XCConfigurationList section */
	};
	rootObject = 40D62425D4D9D0D34BA8ED7E /* Project object */;
}
